
Microsoft Visual Studio Solution File, Format Version 12.00
# Visual Studio 15
VisualStudioVersion = 15.0.26730.12
MinimumVisualStudioVersion = 10.0.40219.1
Project("{8BC9CEB8-8B4A-11D0-8D11-00A0C91BC942}") = "diapozon", "diapozon\diapozon.vcxproj", "{588823A4-E7FE-41F4-ACC0-1E901D3F2867}"
EndProject
Global
	GlobalSection(SolutionConfigurationPlatforms) = preSolution
		Debug|x64 = Debug|x64
		Debug|x86 = Debug|x86
		Release|x64 = Release|x64
		Release|x86 = Release|x86
	EndGlobalSection
	GlobalSection(ProjectConfigurationPlatforms) = postSolution
		{588823A4-E7FE-41F4-ACC0-1E901D3F2867}.Debug|x64.ActiveCfg = Debug|x64
		{588823A4-E7FE-41F4-ACC0-1E901D3F2867}.Debug|x64.Build.0 = Debug|x64
		{588823A4-E7FE-41F4-ACC0-1E901D3F2867}.Debug|x86.ActiveCfg = Debug|Win32
		{588823A4-E7FE-41F4-ACC0-1E901D3F2867}.Debug|x86.Build.0 = Debug|Win32
		{588823A4-E7FE-41F4-ACC0-1E901D3F2867}.Release|x64.ActiveCfg = Release|x64
		{588823A4-E7FE-41F4-ACC0-1E901D3F2867}.Release|x64.Build.0 = Release|x64
		{588823A4-E7FE-41F4-ACC0-1E901D3F2867}.Release|x86.ActiveCfg = Release|Win32
		{588823A4-E7FE-41F4-ACC0-1E901D3F2867}.Release|x86.Build.0 = Release|Win32
	EndGlobalSection
	GlobalSection(SolutionProperties) = preSolution
		HideSolutionNode = FALSE
	EndGlobalSection
	GlobalSection(ExtensibilityGlobals) = postSolution
		SolutionGuid = {4FB5FA82-092F-4144-B54C-F0C484079179}
	EndGlobalSection
EndGlobal
